// !$*UTF8*$!
{
	archiveVersion = 1;
	classes = {
	};
	objectVersion = 46;
	objects = {

/* Begin PBXBuildFile section */
		049E15991CBF6679009F2ADB /* main.m in Sources */ = {isa = PBXBuildFile; fileRef = 049E15981CBF6679009F2ADB /* main.m */; };
		049E159C1CBF6679009F2ADB /* AppDelegate.m in Sources */ = {isa = PBXBuildFile; fileRef = 049E159B1CBF6679009F2ADB /* AppDelegate.m */; };
		049E159F1CBF6679009F2ADB /* ViewController.m in Sources */ = {isa = PBXBuildFile; fileRef = 049E159E1CBF6679009F2ADB /* ViewController.m */; };
		049E15A21CBF6679009F2ADB /* Main.storyboard in Resources */ = {isa = PBXBuildFile; fileRef = 049E15A01CBF6679009F2ADB /* Main.storyboard */; };
		049E15A51CBF6679009F2ADB /* HandSign.xcdatamodeld in Sources */ = {isa = PBXBuildFile; fileRef = 049E15A31CBF6679009F2ADB /* HandSign.xcdatamodeld */; };
		049E15A71CBF6679009F2ADB /* Assets.xcassets in Resources */ = {isa = PBXBuildFile; fileRef = 049E15A61CBF6679009F2ADB /* Assets.xcassets */; };
		049E15AA1CBF6679009F2ADB /* LaunchScreen.storyboard in Resources */ = {isa = PBXBuildFile; fileRef = 049E15A81CBF6679009F2ADB /* LaunchScreen.storyboard */; };
		049E15B51CBF667A009F2ADB /* HandSignTests.m in Sources */ = {isa = PBXBuildFile; fileRef = 049E15B41CBF667A009F2ADB /* HandSignTests.m */; };
		049E15C01CBF667A009F2ADB /* HandSignUITests.m in Sources */ = {isa = PBXBuildFile; fileRef = 049E15BF1CBF667A009F2ADB /* HandSignUITests.m */; };
/* End PBXBuildFile section */

/* Begin PBXContainerItemProxy section */
		049E15B11CBF667A009F2ADB /* PBXContainerItemProxy */ = {
			isa = PBXContainerItemProxy;
			containerPortal = 049E158C1CBF6679009F2ADB /* Project object */;
			proxyType = 1;
			remoteGlobalIDString = 049E15931CBF6679009F2ADB;
			remoteInfo = HandSign;
		};
		049E15BC1CBF667A009F2ADB /* PBXContainerItemProxy */ = {
			isa = PBXContainerItemProxy;
			containerPortal = 049E158C1CBF6679009F2ADB /* Project object */;
			proxyType = 1;
			remoteGlobalIDString = 049E15931CBF6679009F2ADB;
			remoteInfo = HandSign;
		};
/* End PBXContainerItemProxy section */

/* Begin PBXFileReference section */
		049E15941CBF6679009F2ADB /* HandSign.app */ = {isa = PBXFileReference; explicitFileType = wrapper.application; includeInIndex = 0; path = HandSign.app; sourceTree = BUILT_PRODUCTS_DIR; };
		049E15981CBF6679009F2ADB /* main.m */ = {isa = PBXFileReference; lastKnownFileType = sourcecode.c.objc; path = main.m; sourceTree = "<group>"; };
		049E159A1CBF6679009F2ADB /* AppDelegate.h */ = {isa = PBXFileReference; lastKnownFileType = sourcecode.c.h; path = AppDelegate.h; sourceTree = "<group>"; };
		049E159B1CBF6679009F2ADB /* AppDelegate.m */ = {isa = PBXFileReference; lastKnownFileType = sourcecode.c.objc; path = AppDelegate.m; sourceTree = "<group>"; };
		049E159D1CBF6679009F2ADB /* ViewController.h */ = {isa = PBXFileReference; lastKnownFileType = sourcecode.c.h; path = ViewController.h; sourceTree = "<group>"; };
		049E159E1CBF6679009F2ADB /* ViewController.m */ = {isa = PBXFileReference; lastKnownFileType = sourcecode.c.objc; path = ViewController.m; sourceTree = "<group>"; };
		049E15A11CBF6679009F2ADB /* Base */ = {isa = PBXFileReference; lastKnownFileType = file.storyboard; name = Base; path = Base.lproj/Main.storyboard; sourceTree = "<group>"; };
		049E15A41CBF6679009F2ADB /* HandSign.xcdatamodel */ = {isa = PBXFileReference; lastKnownFileType = wrapper.xcdatamodel; path = HandSign.xcdatamodel; sourceTree = "<group>"; };
		049E15A61CBF6679009F2ADB /* Assets.xcassets */ = {isa = PBXFileReference; lastKnownFileType = folder.assetcatalog; path = Assets.xcassets; sourceTree = "<group>"; };
		049E15A91CBF6679009F2ADB /* Base */ = {isa = PBXFileReference; lastKnownFileType = file.storyboard; name = Base; path = Base.lproj/LaunchScreen.storyboard; sourceTree = "<group>"; };
		049E15AB1CBF6679009F2ADB /* Info.plist */ = {isa = PBXFileReference; lastKnownFileType = text.plist.xml; path = Info.plist; sourceTree = "<group>"; };
		049E15B01CBF667A009F2ADB /* HandSignTests.xctest */ = {isa = PBXFileReference; explicitFileType = wrapper.cfbundle; includeInIndex = 0; path = HandSignTests.xctest; sourceTree = BUILT_PRODUCTS_DIR; };
		049E15B41CBF667A009F2ADB /* HandSignTests.m */ = {isa = PBXFileReference; lastKnownFileType = sourcecode.c.objc; path = HandSignTests.m; sourceTree = "<group>"; };
		049E15B61CBF667A009F2ADB /* Info.plist */ = {isa = PBXFileReference; lastKnownFileType = text.plist.xml; path = Info.plist; sourceTree = "<group>"; };
		049E15BB1CBF667A009F2ADB /* HandSignUITests.xctest */ = {isa = PBXFileReference; explicitFileType = wrapper.cfbundle; includeInIndex = 0; path = HandSignUITests.xctest; sourceTree = BUILT_PRODUCTS_DIR; };
		049E15BF1CBF667A009F2ADB /* HandSignUITests.m */ = {isa = PBXFileReference; lastKnownFileType = sourcecode.c.objc; path = HandSignUITests.m; sourceTree = "<group>"; };
		049E15C11CBF667A009F2ADB /* Info.plist */ = {isa = PBXFileReference; lastKnownFileType = text.plist.xml; path = Info.plist; sourceTree = "<group>"; };
/* End PBXFileReference section */

/* Begin PBXFrameworksBuildPhase section */
		049E15911CBF6679009F2ADB /* Frameworks */ = {
			isa = PBXFrameworksBuildPhase;
			buildActionMask = 2147483647;
			files = (
			);
			runOnlyForDeploymentPostprocessing = 0;
		};
		049E15AD1CBF667A009F2ADB /* Frameworks */ = {
			isa = PBXFrameworksBuildPhase;
			buildActionMask = 2147483647;
			files = (
			);
			runOnlyForDeploymentPostprocessing = 0;
		};
		049E15B81CBF667A009F2ADB /* Frameworks */ = {
			isa = PBXFrameworksBuildPhase;
			buildActionMask = 2147483647;
			files = (
			);
			runOnlyForDeploymentPostprocessing = 0;
		};
/* End PBXFrameworksBuildPhase section */

/* Begin PBXGroup section */
		049E158B1CBF6679009F2ADB = {
			isa = PBXGroup;
			children = (
				049E15961CBF6679009F2ADB /* HandSign */,
				049E15B31CBF667A009F2ADB /* HandSignTests */,
				049E15BE1CBF667A009F2ADB /* HandSignUITests */,
				049E15951CBF6679009F2ADB /* Products */,
			);
			sourceTree = "<group>";
		};
		049E15951CBF6679009F2ADB /* Products */ = {
			isa = PBXGroup;
			children = (
				049E15941CBF6679009F2ADB /* HandSign.app */,
				049E15B01CBF667A009F2ADB /* HandSignTests.xctest */,
				049E15BB1CBF667A009F2ADB /* HandSignUITests.xctest */,
			);
			name = Products;
			sourceTree = "<group>";
		};
		049E15961CBF6679009F2ADB /* HandSign */ = {
			isa = PBXGroup;
			children = (
				049E159A1CBF6679009F2ADB /* AppDelegate.h */,
				049E159B1CBF6679009F2ADB /* AppDelegate.m */,
				049E159D1CBF6679009F2ADB /* ViewController.h */,
				049E159E1CBF6679009F2ADB /* ViewController.m */,
				049E15A01CBF6679009F2ADB /* Main.storyboard */,
				049E15A61CBF6679009F2ADB /* Assets.xcassets */,
				049E15A81CBF6679009F2ADB /* LaunchScreen.storyboard */,
				049E15AB1CBF6679009F2ADB /* Info.plist */,
				049E15A31CBF6679009F2ADB /* HandSign.xcdatamodeld */,
				049E15971CBF6679009F2ADB /* Supporting Files */,
			);
			path = HandSign;
			sourceTree = "<group>";
		};
		049E15971CBF6679009F2ADB /* Supporting Files */ = {
			isa = PBXGroup;
			children = (
				049E15981CBF6679009F2ADB /* main.m */,
			);
			name = "Supporting Files";
			sourceTree = "<group>";
		};
		049E15B31CBF667A009F2ADB /* HandSignTests */ = {
			isa = PBXGroup;
			children = (
				049E15B41CBF667A009F2ADB /* HandSignTests.m */,
				049E15B61CBF667A009F2ADB /* Info.plist */,
			);
			path = HandSignTests;
			sourceTree = "<group>";
		};
		049E15BE1CBF667A009F2ADB /* HandSignUITests */ = {
			isa = PBXGroup;
			children = (
				049E15BF1CBF667A009F2ADB /* HandSignUITests.m */,
				049E15C11CBF667A009F2ADB /* Info.plist */,
			);
			path = HandSignUITests;
			sourceTree = "<group>";
		};
/* End PBXGroup section */

/* Begin PBXNativeTarget section */
		049E15931CBF6679009F2ADB /* HandSign */ = {
			isa = PBXNativeTarget;
			buildConfigurationList = 049E15C41CBF667A009F2ADB /* Build configuration list for PBXNativeTarget "HandSign" */;
			buildPhases = (
				049E15901CBF6679009F2ADB /* Sources */,
				049E15911CBF6679009F2ADB /* Frameworks */,
				049E15921CBF6679009F2ADB /* Resources */,
			);
			buildRules = (
			);
			dependencies = (
			);
			name = HandSign;
			productName = HandSign;
			productReference = 049E15941CBF6679009F2ADB /* HandSign.app */;
			productType = "com.apple.product-type.application";
		};
		049E15AF1CBF667A009F2ADB /* HandSignTests */ = {
			isa = PBXNativeTarget;
			buildConfigurationList = 049E15C71CBF667A009F2ADB /* Build configuration list for PBXNativeTarget "HandSignTests" */;
			buildPhases = (
				049E15AC1CBF667A009F2ADB /* Sources */,
				049E15AD1CBF667A009F2ADB /* Frameworks */,
				049E15AE1CBF667A009F2ADB /* Resources */,
			);
			buildRules = (
			);
			dependencies = (
				049E15B21CBF667A009F2ADB /* PBXTargetDependency */,
			);
			name = HandSignTests;
			productName = HandSignTests;
			productReference = 049E15B01CBF667A009F2ADB /* HandSignTests.xctest */;
			productType = "com.apple.product-type.bundle.unit-test";
		};
		049E15BA1CBF667A009F2ADB /* HandSignUITests */ = {
			isa = PBXNativeTarget;
			buildConfigurationList = 049E15CA1CBF667A009F2ADB /* Build configuration list for PBXNativeTarget "HandSignUITests" */;
			buildPhases = (
				049E15B71CBF667A009F2ADB /* Sources */,
				049E15B81CBF667A009F2ADB /* Frameworks */,
				049E15B91CBF667A009F2ADB /* Resources */,
			);
			buildRules = (
			);
			dependencies = (
				049E15BD1CBF667A009F2ADB /* PBXTargetDependency */,
			);
			name = HandSignUITests;
			productName = HandSignUITests;
			productReference = 049E15BB1CBF667A009F2ADB /* HandSignUITests.xctest */;
			productType = "com.apple.product-type.bundle.ui-testing";
		};
/* End PBXNativeTarget section */

/* Begin PBXProject section */
		049E158C1CBF6679009F2ADB /* Project object */ = {
			isa = PBXProject;
			attributes = {
				LastUpgradeCheck = 0730;
				ORGANIZATIONNAME = ZhenWei;
				TargetAttributes = {
					049E15931CBF6679009F2ADB = {
						CreatedOnToolsVersion = 7.3;
					};
					049E15AF1CBF667A009F2ADB = {
						CreatedOnToolsVersion = 7.3;
						TestTargetID = 049E15931CBF6679009F2ADB;
					};
					049E15BA1CBF667A009F2ADB = {
						CreatedOnToolsVersion = 7.3;
						TestTargetID = 049E15931CBF6679009F2ADB;
					};
				};
			};
			buildConfigurationList = 049E158F1CBF6679009F2ADB /* Build configuration list for PBXProject "HandSign" */;
			compatibilityVersion = "Xcode 3.2";
			developmentRegion = English;
			hasScannedForEncodings = 0;
			knownRegions = (
				en,
				Base,
			);
			mainGroup = 049E158B1CBF6679009F2ADB;
			productRefGroup = 049E15951CBF6679009F2ADB /* Products */;
			projectDirPath = "";
			projectRoot = "";
			targets = (
				049E15931CBF6679009F2ADB /* HandSign */,
				049E15AF1CBF667A009F2ADB /* HandSignTests */,
				049E15BA1CBF667A009F2ADB /* HandSignUITests */,
			);
		};
/* End PBXProject section */

/* Begin PBXResourcesBuildPhase section */
		049E15921CBF6679009F2ADB /* Resources */ = {
			isa = PBXResourcesBuildPhase;
			buildActionMask = 2147483647;
			files = (
				049E15AA1CBF6679009F2ADB /* LaunchScreen.storyboard in Resources */,
				049E15A71CBF6679009F2ADB /* Assets.xcassets in Resources */,
				049E15A21CBF6679009F2ADB /* Main.storyboard in Resources */,
			);
			runOnlyForDeploymentPostprocessing = 0;
		};
		049E15AE1CBF667A009F2ADB /* Resources */ = {
			isa = PBXResourcesBuildPhase;
			buildActionMask = 2147483647;
			files = (
			);
			runOnlyForDeploymentPostprocessing = 0;
		};
		049E15B91CBF667A009F2ADB /* Resources */ = {
			isa = PBXResourcesBuildPhase;
			buildActionMask = 2147483647;
			files = (
			);
			runOnlyForDeploymentPostprocessing = 0;
		};
/* End PBXResourcesBuildPhase section */

/* Begin PBXSourcesBuildPhase section */
		049E15901CBF6679009F2ADB /* Sources */ = {
			isa = PBXSourcesBuildPhase;
			buildActionMask = 2147483647;
			files = (
				049E159F1CBF6679009F2ADB /* ViewController.m in Sources */,
				049E15A51CBF6679009F2ADB /* HandSign.xcdatamodeld in Sources */,
				049E159C1CBF6679009F2ADB /* AppDelegate.m in Sources */,
				049E15991CBF6679009F2ADB /* main.m in Sources */,
			);
			runOnlyForDeploymentPostprocessing = 0;
		};
		049E15AC1CBF667A009F2ADB /* Sources */ = {
			isa = PBXSourcesBuildPhase;
			buildActionMask = 2147483647;
			files = (
				049E15B51CBF667A009F2ADB /* HandSignTests.m in Sources */,
			);
			runOnlyForDeploymentPostprocessing = 0;
		};
		049E15B71CBF667A009F2ADB /* Sources */ = {
			isa = PBXSourcesBuildPhase;
			buildActionMask = 2147483647;
			files = (
				049E15C01CBF667A009F2ADB /* HandSignUITests.m in Sources */,
			);
			runOnlyForDeploymentPostprocessing = 0;
		};
/* End PBXSourcesBuildPhase section */

/* Begin PBXTargetDependency section */
		049E15B21CBF667A009F2ADB /* PBXTargetDependency */ = {
			isa = PBXTargetDependency;
			target = 049E15931CBF6679009F2ADB /* HandSign */;
			targetProxy = 049E15B11CBF667A009F2ADB /* PBXContainerItemProxy */;
		};
		049E15BD1CBF667A009F2ADB /* PBXTargetDependency */ = {
			isa = PBXTargetDependency;
			target = 049E15931CBF6679009F2ADB /* HandSign */;
			targetProxy = 049E15BC1CBF667A009F2ADB /* PBXContainerItemProxy */;
		};
/* End PBXTargetDependency section */

/* Begin PBXVariantGroup section */
		049E15A01CBF6679009F2ADB /* Main.storyboard */ = {
			isa = PBXVariantGroup;
			children = (
				049E15A11CBF6679009F2ADB /* Base */,
			);
			name = Main.storyboard;
			sourceTree = "<group>";
		};
		049E15A81CBF6679009F2ADB /* LaunchScreen.storyboard */ = {
			isa = PBXVariantGroup;
			children = (
				049E15A91CBF6679009F2ADB /* Base */,
			);
			name = LaunchScreen.storyboard;
			sourceTree = "<group>";
		};
/* End PBXVariantGroup section */

/* Begin XCBuildConfiguration section */
		049E15C21CBF667A009F2ADB /* Debug */ = {
			isa = XCBuildConfiguration;
			buildSettings = {
				ALWAYS_SEARCH_USER_PATHS = NO;
				CLANG_ANALYZER_NONNULL = YES;
				CLANG_CXX_LANGUAGE_STANDARD = "gnu++0x";
				CLANG_CXX_LIBRARY = "libc++";
				CLANG_ENABLE_MODULES = YES;
				CLANG_ENABLE_OBJC_ARC = YES;
				CLANG_WARN_BOOL_CONVERSION = YES;
				CLANG_WARN_CONSTANT_CONVERSION = YES;
				CLANG_WARN_DIRECT_OBJC_ISA_USAGE = YES_ERROR;
				CLANG_WARN_EMPTY_BODY = YES;
				CLANG_WARN_ENUM_CONVERSION = YES;
				CLANG_WARN_INT_CONVERSION = YES;
				CLANG_WARN_OBJC_ROOT_CLASS = YES_ERROR;
				CLANG_WARN_UNREACHABLE_CODE = YES;
				CLANG_WARN__DUPLICATE_METHOD_MATCH = YES;
				"CODE_SIGN_IDENTITY[sdk=iphoneos*]" = "iPhone Developer";
				COPY_PHASE_STRIP = NO;
				DEBUG_INFORMATION_FORMAT = dwarf;
				ENABLE_STRICT_OBJC_MSGSEND = YES;
				ENABLE_TESTABILITY = YES;
				GCC_C_LANGUAGE_STANDARD = gnu99;
				GCC_DYNAMIC_NO_PIC = NO;
				GCC_NO_COMMON_BLOCKS = YES;
				GCC_OPTIMIZATION_LEVEL = 0;
				GCC_PREPROCESSOR_DEFINITIONS = (
					"DEBUG=1",
					"$(inherited)",
				);
				GCC_WARN_64_TO_32_BIT_CONVERSION = YES;
				GCC_WARN_ABOUT_RETURN_TYPE = YES_ERROR;
				GCC_WARN_UNDECLARED_SELECTOR = YES;
				GCC_WARN_UNINITIALIZED_AUTOS = YES_AGGRESSIVE;
				GCC_WARN_UNUSED_FUNCTION = YES;
				GCC_WARN_UNUSED_VARIABLE = YES;
				IPHONEOS_DEPLOYMENT_TARGET = 9.3;
				MTL_ENABLE_DEBUG_INFO = YES;
				ONLY_ACTIVE_ARCH = YES;
				SDKROOT = iphoneos;
				TARGETED_DEVICE_FAMILY = "1,2";
			};
			name = Debug;
		};
		049E15C31CBF667A009F2ADB /* Release */ = {
			isa = XCBuildConfiguration;
			buildSettings = {
				ALWAYS_SEARCH_USER_PATHS = NO;
				CLANG_ANALYZER_NONNULL = YES;
				CLANG_CXX_LANGUAGE_STANDARD = "gnu++0x";
				CLANG_CXX_LIBRARY = "libc++";
				CLANG_ENABLE_MODULES = YES;
				CLANG_ENABLE_OBJC_ARC = YES;
				CLANG_WARN_BOOL_CONVERSION = YES;
				CLANG_WARN_CONSTANT_CONVERSION = YES;
				CLANG_WARN_DIRECT_OBJC_ISA_USAGE = YES_ERROR;
				CLANG_WARN_EMPTY_BODY = YES;
				CLANG_WARN_ENUM_CONVERSION = YES;
				CLANG_WARN_INT_CONVERSION = YES;
				CLANG_WARN_OBJC_ROOT_CLASS = YES_ERROR;
				CLANG_WARN_UNREACHABLE_CODE = YES;
				CLANG_WARN__DUPLICATE_METHOD_MATCH = YES;
				"CODE_SIGN_IDENTITY[sdk=iphoneos*]" = "iPhone Developer";
				COPY_PHASE_STRIP = NO;
				DEBUG_INFORMATION_FORMAT = "dwarf-with-dsym";
				ENABLE_NS_ASSERTIONS = NO;
				ENABLE_STRICT_OBJC_MSGSEND = YES;
				GCC_C_LANGUAGE_STANDARD = gnu99;
				GCC_NO_COMMON_BLOCKS = YES;
				GCC_WARN_64_TO_32_BIT_CONVERSION = YES;
				GCC_WARN_ABOUT_RETURN_TYPE = YES_ERROR;
				GCC_WARN_UNDECLARED_SELECTOR = YES;
				GCC_WARN_UNINITIALIZED_AUTOS = YES_AGGRESSIVE;
				GCC_WARN_UNUSED_FUNCTION = YES;
				GCC_WARN_UNUSED_VARIABLE = YES;
				IPHONEOS_DEPLOYMENT_TARGET = 9.3;
				MTL_ENABLE_DEBUG_INFO = NO;
				SDKROOT = iphoneos;
				TARGETED_DEVICE_FAMILY = "1,2";
				VALIDATE_PRODUCT = YES;
			};
			name = Release;
		};
		049E15C51CBF667A009F2ADB /* Debug */ = {
			isa = XCBuildConfiguration;
			buildSettings = {
				ASSETCATALOG_COMPILER_APPICON_NAME = AppIcon;
				INFOPLIST_FILE = HandSign/Info.plist;
				LD_RUNPATH_SEARCH_PATHS = "$(inherited) @executable_path/Frameworks";
				PRODUCT_BUNDLE_IDENTIFIER = com.zhenwei.123.HandSign;
				PRODUCT_NAME = "$(TARGET_NAME)";
			};
			name = Debug;
		};
		049E15C61CBF667A009F2ADB /* Release */ = {
			isa = XCBuildConfiguration;
			buildSettings = {
				ASSETCATALOG_COMPILER_APPICON_NAME = AppIcon;
				INFOPLIST_FILE = HandSign/Info.plist;
				LD_RUNPATH_SEARCH_PATHS = "$(inherited) @executable_path/Frameworks";
				PRODUCT_BUNDLE_IDENTIFIER = com.zhenwei.123.HandSign;
				PRODUCT_NAME = "$(TARGET_NAME)";
			};
			name = Release;
		};
		049E15C81CBF667A009F2ADB /* Debug */ = {
			isa = XCBuildConfiguration;
			buildSettings = {
				BUNDLE_LOADER = "$(TEST_HOST)";
				INFOPLIST_FILE = HandSignTests/Info.plist;
				LD_RUNPATH_SEARCH_PATHS = "$(inherited) @executable_path/Frameworks @loader_path/Frameworks";
				PRODUCT_BUNDLE_IDENTIFIER = com.zhenwei.123.HandSignTests;
				PRODUCT_NAME = "$(TARGET_NAME)";
				TEST_HOST = "$(BUILT_PRODUCTS_DIR)/HandSign.app/HandSign";
			};
			name = Debug;
		};
		049E15C91CBF667A009F2ADB /* Release */ = {
			isa = XCBuildConfiguration;
			buildSettings = {
				BUNDLE_LOADER = "$(TEST_HOST)";
				INFOPLIST_FILE = HandSignTests/Info.plist;
				LD_RUNPATH_SEARCH_PATHS = "$(inherited) @executable_path/Frameworks @loader_path/Frameworks";
				PRODUCT_BUNDLE_IDENTIFIER = com.zhenwei.123.HandSignTests;
				PRODUCT_NAME = "$(TARGET_NAME)";
				TEST_HOST = "$(BUILT_PRODUCTS_DIR)/HandSign.app/HandSign";
			};
			name = Release;
		};
		049E15CB1CBF667A009F2ADB /* Debug */ = {
			isa = XCBuildConfiguration;
			buildSettings = {
				INFOPLIST_FILE = HandSignUITests/Info.plist;
				LD_RUNPATH_SEARCH_PATHS = "$(inherited) @executable_path/Frameworks @loader_path/Frameworks";
				PRODUCT_BUNDLE_IDENTIFIER = com.zhenwei.123.HandSignUITests;
				PRODUCT_NAME = "$(TARGET_NAME)";
				TEST_TARGET_NAME = HandSign;
			};
			name = Debug;
		};
		049E15CC1CBF667A009F2ADB /* Release */ = {
			isa = XCBuildConfiguration;
			buildSettings = {
				INFOPLIST_FILE = HandSignUITests/Info.plist;
				LD_RUNPATH_SEARCH_PATHS = "$(inherited) @executable_path/Frameworks @loader_path/Frameworks";
				PRODUCT_BUNDLE_IDENTIFIER = com.zhenwei.123.HandSignUITests;
				PRODUCT_NAME = "$(TARGET_NAME)";
				TEST_TARGET_NAME = HandSign;
			};
			name = Release;
		};
/* End XCBuildConfiguration section */

/* Begin XCConfigurationList section */
		049E158F1CBF6679009F2ADB /* Build configuration list for PBXProject "HandSign" */ = {
			isa = XCConfigurationList;
			buildConfigurations = (
				049E15C21CBF667A009F2ADB /* Debug */,
				049E15C31CBF667A009F2ADB /* Release */,
			);
			defaultConfigurationIsVisible = 0;
			defaultConfigurationName = Release;
		};
		049E15C41CBF667A009F2ADB /* Build configuration list for PBXNativeTarget "HandSign" */ = {
			isa = XCConfigurationList;
			buildConfigurations = (
				049E15C51CBF667A009F2ADB /* Debug */,
				049E15C61CBF667A009F2ADB /* Release */,
			);
			defaultConfigurationIsVisible = 0;
		};
		049E15C71CBF667A009F2ADB /* Build configuration list for PBXNativeTarget "HandSignTests" */ = {
			isa = XCConfigurationList;
			buildConfigurations = (
				049E15C81CBF667A009F2ADB /* Debug */,
				049E15C91CBF667A009F2ADB /* Release */,
			);
			defaultConfigurationIsVisible = 0;
		};
		049E15CA1CBF667A009F2ADB /* Build configuration list for PBXNativeTarget "HandSignUITests" */ = {
			isa = XCConfigurationList;
			buildConfigurations = (
				049E15CB1CBF667A009F2ADB /* Debug */,
				049E15CC1CBF667A009F2ADB /* Release */,
			);
			defaultConfigurationIsVisible = 0;
		};
/* End XCConfigurationList section */

/* Begin XCVersionGroup section */
		049E15A31CBF6679009F2ADB /* HandSign.xcdatamodeld */ = {
			isa = XCVersionGroup;
			children = (
				049E15A41CBF6679009F2ADB /* HandSign.xcdatamodel */,
			);
			currentVersion = 049E15A41CBF6679009F2ADB /* HandSign.xcdatamodel */;
			path = HandSign.xcdatamodeld;
			sourceTree = "<group>";
			versionGroupType = wrapper.xcdatamodel;
		};
/* End XCVersionGroup section */
	};
	rootObject = 049E158C1CBF6679009F2ADB /* Project object */;
}
